
Microsoft Visual Studio Solution File, Format Version 12.00
# Visual Studio Version 17
VisualStudioVersion = 17.4.33213.308
MinimumVisualStudioVersion = 10.0.40219.1
Project("{FAE04EC0-301F-11D3-BF4B-00C04F79EFBC}") = "SimpleCalculator", "SimpleCalculator\SimpleCalculator.csproj", "{0C03578F-9A84-4556-BA83-7454B8DD715E}"
EndProject
Global
	GlobalSection(SolutionConfigurationPlatforms) = preSolution
		Debug|Any CPU = Debug|Any CPU
		Release|Any CPU = Release|Any CPU
	EndGlobalSection
	GlobalSection(ProjectConfigurationPlatforms) = postSolution
		{0C03578F-9A84-4556-BA83-7454B8DD715E}.Debug|Any CPU.ActiveCfg = Debug|Any CPU
		{0C03578F-9A84-4556-BA83-7454B8DD715E}.Debug|Any CPU.Build.0 = Debug|Any CPU
		{0C03578F-9A84-4556-BA83-7454B8DD715E}.Release|Any CPU.ActiveCfg = Release|Any CPU
		{0C03578F-9A84-4556-BA83-7454B8DD715E}.Release|Any CPU.Build.0 = Release|Any CPU
	EndGlobalSection
	GlobalSection(SolutionProperties) = preSolution
		HideSolutionNode = FALSE
	EndGlobalSection
	GlobalSection(ExtensibilityGlobals) = postSolution
		SolutionGuid = {80DBB646-5CDE-431C-BB84-595AF9D79640}
	EndGlobalSection
EndGlobal
